# This file is automatically @generated by Cargo.
# It is not intended for manual editing.
version = 3

[[package]]
name = "hailc"
version = "0.0.0-alpha"

[[package]]
name = "hailc-diag"
version = "0.0.0-alpha"
dependencies = [
 "hailc-loc",
]

[[package]]
name = "hailc-loc"
version = "0.0.0-alpha"
